// !$*UTF8*$!
{
	archiveVersion = 1;
	classes = {
	};
	objectVersion = 46;
	objects = {

/* Begin PBXBuildFile section */
		93131CBE1DB496FA00369CD4 /* AppDelegate.swift in Sources */ = {isa = PBXBuildFile; fileRef = 93131CBD1DB496FA00369CD4 /* AppDelegate.swift */; };
		93131CC01DB496FA00369CD4 /* MovieListViewController.swift in Sources */ = {isa = PBXBuildFile; fileRef = 93131CBF1DB496FA00369CD4 /* MovieListViewController.swift */; };
		93131CC31DB496FA00369CD4 /* Main.storyboard in Resources */ = {isa = PBXBuildFile; fileRef = 93131CC11DB496FA00369CD4 /* Main.storyboard */; };
		93131CC51DB496FA00369CD4 /* Assets.xcassets in Resources */ = {isa = PBXBuildFile; fileRef = 93131CC41DB496FA00369CD4 /* Assets.xcassets */; };
		93131CC81DB496FA00369CD4 /* LaunchScreen.storyboard in Resources */ = {isa = PBXBuildFile; fileRef = 93131CC61DB496FA00369CD4 /* LaunchScreen.storyboard */; };
		932B7CA61DB4D8B90004D03C /* InfiniteScrollLoadingIndicator.swift in Sources */ = {isa = PBXBuildFile; fileRef = 932B7CA51DB4D8B90004D03C /* InfiniteScrollLoadingIndicator.swift */; };
		937F4BEC2CC01527D1943A3E /* Pods_Flicks.framework in Frameworks */ = {isa = PBXBuildFile; fileRef = 363DA72122A55D1191CDD540 /* Pods_Flicks.framework */; };
		93BF08971DB4A69400F70BB6 /* APINetworking.swift in Sources */ = {isa = PBXBuildFile; fileRef = 93BF08961DB4A69400F70BB6 /* APINetworking.swift */; };
		93BF08991DB4A6FB00F70BB6 /* MovieDetailViewController.swift in Sources */ = {isa = PBXBuildFile; fileRef = 93BF08981DB4A6FB00F70BB6 /* MovieDetailViewController.swift */; };
		93BF089B1DB4AF5300F70BB6 /* MovieListCell.swift in Sources */ = {isa = PBXBuildFile; fileRef = 93BF089A1DB4AF5300F70BB6 /* MovieListCell.swift */; };
/* End PBXBuildFile section */

/* Begin PBXFileReference section */
		363DA72122A55D1191CDD540 /* Pods_Flicks.framework */ = {isa = PBXFileReference; explicitFileType = wrapper.framework; includeInIndex = 0; path = Pods_Flicks.framework; sourceTree = BUILT_PRODUCTS_DIR; };
		5476501CBEDE4EE831D9A230 /* Pods-Flicks.release.xcconfig */ = {isa = PBXFileReference; includeInIndex = 1; lastKnownFileType = text.xcconfig; name = "Pods-Flicks.release.xcconfig"; path = "Pods/Target Support Files/Pods-Flicks/Pods-Flicks.release.xcconfig"; sourceTree = "<group>"; };
		93131CBA1DB496FA00369CD4 /* Flicks.app */ = {isa = PBXFileReference; explicitFileType = wrapper.application; includeInIndex = 0; path = Flicks.app; sourceTree = BUILT_PRODUCTS_DIR; };
		93131CBD1DB496FA00369CD4 /* AppDelegate.swift */ = {isa = PBXFileReference; lastKnownFileType = sourcecode.swift; path = AppDelegate.swift; sourceTree = "<group>"; };
		93131CBF1DB496FA00369CD4 /* MovieListViewController.swift */ = {isa = PBXFileReference; lastKnownFileType = sourcecode.swift; path = MovieListViewController.swift; sourceTree = "<group>"; };
		93131CC21DB496FA00369CD4 /* Base */ = {isa = PBXFileReference; lastKnownFileType = file.storyboard; name = Base; path = Base.lproj/Main.storyboard; sourceTree = "<group>"; };
		93131CC41DB496FA00369CD4 /* Assets.xcassets */ = {isa = PBXFileReference; lastKnownFileType = folder.assetcatalog; path = Assets.xcassets; sourceTree = "<group>"; };
		93131CC71DB496FA00369CD4 /* Base */ = {isa = PBXFileReference; lastKnownFileType = file.storyboard; name = Base; path = Base.lproj/LaunchScreen.storyboard; sourceTree = "<group>"; };
		93131CC91DB496FA00369CD4 /* Info.plist */ = {isa = PBXFileReference; lastKnownFileType = text.plist.xml; path = Info.plist; sourceTree = "<group>"; };
		932B7CA51DB4D8B90004D03C /* InfiniteScrollLoadingIndicator.swift */ = {isa = PBXFileReference; fileEncoding = 4; lastKnownFileType = sourcecode.swift; path = InfiniteScrollLoadingIndicator.swift; sourceTree = "<group>"; };
		93BF08961DB4A69400F70BB6 /* APINetworking.swift */ = {isa = PBXFileReference; fileEncoding = 4; lastKnownFileType = sourcecode.swift; path = APINetworking.swift; sourceTree = "<group>"; };
		93BF08981DB4A6FB00F70BB6 /* MovieDetailViewController.swift */ = {isa = PBXFileReference; fileEncoding = 4; lastKnownFileType = sourcecode.swift; path = MovieDetailViewController.swift; sourceTree = "<group>"; };
		93BF089A1DB4AF5300F70BB6 /* MovieListCell.swift */ = {isa = PBXFileReference; fileEncoding = 4; lastKnownFileType = sourcecode.swift; path = MovieListCell.swift; sourceTree = "<group>"; };
		F46576796F9343A10D905CF6 /* Pods-Flicks.debug.xcconfig */ = {isa = PBXFileReference; includeInIndex = 1; lastKnownFileType = text.xcconfig; name = "Pods-Flicks.debug.xcconfig"; path = "Pods/Target Support Files/Pods-Flicks/Pods-Flicks.debug.xcconfig"; sourceTree = "<group>"; };
/* End PBXFileReference section */

/* Begin PBXFrameworksBuildPhase section */
		93131CB71DB496F900369CD4 /* Frameworks */ = {
			isa = PBXFrameworksBuildPhase;
			buildActionMask = 2147483647;
			files = (
				937F4BEC2CC01527D1943A3E /* Pods_Flicks.framework in Frameworks */,
			);
			runOnlyForDeploymentPostprocessing = 0;
		};
/* End PBXFrameworksBuildPhase section */

/* Begin PBXGroup section */
		44977ED8C98522950F64FC8E /* Pods */ = {
			isa = PBXGroup;
			children = (
				F46576796F9343A10D905CF6 /* Pods-Flicks.debug.xcconfig */,
				5476501CBEDE4EE831D9A230 /* Pods-Flicks.release.xcconfig */,
			);
			name = Pods;
			sourceTree = "<group>";
		};
		93131CB11DB496F900369CD4 = {
			isa = PBXGroup;
			children = (
				93131CBC1DB496FA00369CD4 /* Flicks */,
				93131CBB1DB496FA00369CD4 /* Products */,
				44977ED8C98522950F64FC8E /* Pods */,
				FD64AB83615AD83E2FA0F5A9 /* Frameworks */,
			);
			sourceTree = "<group>";
		};
		93131CBB1DB496FA00369CD4 /* Products */ = {
			isa = PBXGroup;
			children = (
				93131CBA1DB496FA00369CD4 /* Flicks.app */,
			);
			name = Products;
			sourceTree = "<group>";
		};
		93131CBC1DB496FA00369CD4 /* Flicks */ = {
			isa = PBXGroup;
			children = (
				93131CBD1DB496FA00369CD4 /* AppDelegate.swift */,
				93131CBF1DB496FA00369CD4 /* MovieListViewController.swift */,
				93BF089A1DB4AF5300F70BB6 /* MovieListCell.swift */,
				93BF08981DB4A6FB00F70BB6 /* MovieDetailViewController.swift */,
				93131CC11DB496FA00369CD4 /* Main.storyboard */,
				93131CC41DB496FA00369CD4 /* Assets.xcassets */,
				93131CC61DB496FA00369CD4 /* LaunchScreen.storyboard */,
				93131CC91DB496FA00369CD4 /* Info.plist */,
				93BF08961DB4A69400F70BB6 /* APINetworking.swift */,
				932B7CA51DB4D8B90004D03C /* InfiniteScrollLoadingIndicator.swift */,
			);
			path = Flicks;
			sourceTree = "<group>";
		};
		FD64AB83615AD83E2FA0F5A9 /* Frameworks */ = {
			isa = PBXGroup;
			children = (
				363DA72122A55D1191CDD540 /* Pods_Flicks.framework */,
			);
			name = Frameworks;
			sourceTree = "<group>";
		};
/* End PBXGroup section */

/* Begin PBXNativeTarget section */
		93131CB91DB496F900369CD4 /* Flicks */ = {
			isa = PBXNativeTarget;
			buildConfigurationList = 93131CCC1DB496FA00369CD4 /* Build configuration list for PBXNativeTarget "Flicks" */;
			buildPhases = (
				D55F612B32118D39324BE4A5 /* [CP] Check Pods Manifest.lock */,
				93131CB61DB496F900369CD4 /* Sources */,
				93131CB71DB496F900369CD4 /* Frameworks */,
				93131CB81DB496F900369CD4 /* Resources */,
				15B25603D9005033EA8FD6C0 /* [CP] Embed Pods Frameworks */,
				677A16BC313006E8B796E081 /* [CP] Copy Pods Resources */,
			);
			buildRules = (
			);
			dependencies = (
			);
			name = Flicks;
			productName = Flicks;
			productReference = 93131CBA1DB496FA00369CD4 /* Flicks.app */;
			productType = "com.apple.product-type.application";
		};
/* End PBXNativeTarget section */

/* Begin PBXProject section */
		93131CB21DB496F900369CD4 /* Project object */ = {
			isa = PBXProject;
			attributes = {
				LastSwiftUpdateCheck = 0800;
				LastUpgradeCheck = 0800;
				ORGANIZATIONNAME = "Aaron L'Heureux";
				TargetAttributes = {
					93131CB91DB496F900369CD4 = {
						CreatedOnToolsVersion = 8.0;
						DevelopmentTeam = 2SHPQPJV29;
						ProvisioningStyle = Automatic;
					};
				};
			};
			buildConfigurationList = 93131CB51DB496F900369CD4 /* Build configuration list for PBXProject "Flicks" */;
			compatibilityVersion = "Xcode 3.2";
			developmentRegion = English;
			hasScannedForEncodings = 0;
			knownRegions = (
				en,
				Base,
			);
			mainGroup = 93131CB11DB496F900369CD4;
			productRefGroup = 93131CBB1DB496FA00369CD4 /* Products */;
			projectDirPath = "";
			projectRoot = "";
			targets = (
				93131CB91DB496F900369CD4 /* Flicks */,
			);
		};
/* End PBXProject section */

/* Begin PBXResourcesBuildPhase section */
		93131CB81DB496F900369CD4 /* Resources */ = {
			isa = PBXResourcesBuildPhase;
			buildActionMask = 2147483647;
			files = (
				93131CC81DB496FA00369CD4 /* LaunchScreen.storyboard in Resources */,
				93131CC51DB496FA00369CD4 /* Assets.xcassets in Resources */,
				93131CC31DB496FA00369CD4 /* Main.storyboard in Resources */,
			);
			runOnlyForDeploymentPostprocessing = 0;
		};
/* End PBXResourcesBuildPhase section */

/* Begin PBXShellScriptBuildPhase section */
		15B25603D9005033EA8FD6C0 /* [CP] Embed Pods Frameworks */ = {
			isa = PBXShellScriptBuildPhase;
			buildActionMask = 2147483647;
			files = (
			);
			inputPaths = (
			);
			name = "[CP] Embed Pods Frameworks";
			outputPaths = (
			);
			runOnlyForDeploymentPostprocessing = 0;
			shellPath = /bin/sh;
			shellScript = "\"${SRCROOT}/Pods/Target Support Files/Pods-Flicks/Pods-Flicks-frameworks.sh\"\n";
			showEnvVarsInLog = 0;
		};
		677A16BC313006E8B796E081 /* [CP] Copy Pods Resources */ = {
			isa = PBXShellScriptBuildPhase;
			buildActionMask = 2147483647;
			files = (
			);
			inputPaths = (
			);
			name = "[CP] Copy Pods Resources";
			outputPaths = (
			);
			runOnlyForDeploymentPostprocessing = 0;
			shellPath = /bin/sh;
			shellScript = "\"${SRCROOT}/Pods/Target Support Files/Pods-Flicks/Pods-Flicks-resources.sh\"\n";
			showEnvVarsInLog = 0;
		};
		D55F612B32118D39324BE4A5 /* [CP] Check Pods Manifest.lock */ = {
			isa = PBXShellScriptBuildPhase;
			buildActionMask = 2147483647;
			files = (
			);
			inputPaths = (
			);
			name = "[CP] Check Pods Manifest.lock";
			outputPaths = (
			);
			runOnlyForDeploymentPostprocessing = 0;
			shellPath = /bin/sh;
			shellScript = "diff \"${PODS_ROOT}/../Podfile.lock\" \"${PODS_ROOT}/Manifest.lock\" > /dev/null\nif [ $? != 0 ] ; then\n    # print error to STDERR\n    echo \"error: The sandbox is not in sync with the Podfile.lock. Run 'pod install' or update your CocoaPods installation.\" >&2\n    exit 1\nfi\n";
			showEnvVarsInLog = 0;
		};
/* End PBXShellScriptBuildPhase section */

/* Begin PBXSourcesBuildPhase section */
		93131CB61DB496F900369CD4 /* Sources */ = {
			isa = PBXSourcesBuildPhase;
			buildActionMask = 2147483647;
			files = (
				93BF089B1DB4AF5300F70BB6 /* MovieListCell.swift in Sources */,
				932B7CA61DB4D8B90004D03C /* InfiniteScrollLoadingIndicator.swift in Sources */,
				93BF08991DB4A6FB00F70BB6 /* MovieDetailViewController.swift in Sources */,
				93BF08971DB4A69400F70BB6 /* APINetworking.swift in Sources */,
				93131CC01DB496FA00369CD4 /* MovieListViewController.swift in Sources */,
				93131CBE1DB496FA00369CD4 /* AppDelegate.swift in Sources */,
			);
			runOnlyForDeploymentPostprocessing = 0;
		};
/* End PBXSourcesBuildPhase section */

/* Begin PBXVariantGroup section */
		93131CC11DB496FA00369CD4 /* Main.storyboard */ = {
			isa = PBXVariantGroup;
			children = (
				93131CC21DB496FA00369CD4 /* Base */,
			);
			name = Main.storyboard;
			sourceTree = "<group>";
		};
		93131CC61DB496FA00369CD4 /* LaunchScreen.storyboard */ = {
			isa = PBXVariantGroup;
			children = (
				93131CC71DB496FA00369CD4 /* Base */,
			);
			name = LaunchScreen.storyboard;
			sourceTree = "<group>";
		};
/* End PBXVariantGroup section */

/* Begin XCBuildConfiguration section */
		93131CCA1DB496FA00369CD4 /* Debug */ = {
			isa = XCBuildConfiguration;
			buildSettings = {
				ALWAYS_SEARCH_USER_PATHS = NO;
				CLANG_ANALYZER_NONNULL = YES;
				CLANG_CXX_LANGUAGE_STANDARD = "gnu++0x";
				CLANG_CXX_LIBRARY = "libc++";
				CLANG_ENABLE_MODULES = YES;
				CLANG_ENABLE_OBJC_ARC = YES;
				CLANG_WARN_BOOL_CONVERSION = YES;
				CLANG_WARN_CONSTANT_CONVERSION = YES;
				CLANG_WARN_DIRECT_OBJC_ISA_USAGE = YES_ERROR;
				CLANG_WARN_DOCUMENTATION_COMMENTS = YES;
				CLANG_WARN_EMPTY_BODY = YES;
				CLANG_WARN_ENUM_CONVERSION = YES;
				CLANG_WARN_INFINITE_RECURSION = YES;
				CLANG_WARN_INT_CONVERSION = YES;
				CLANG_WARN_OBJC_ROOT_CLASS = YES_ERROR;
				CLANG_WARN_SUSPICIOUS_MOVE = YES;
				CLANG_WARN_SUSPICIOUS_MOVES = YES;
				CLANG_WARN_UNREACHABLE_CODE = YES;
				CLANG_WARN__DUPLICATE_METHOD_MATCH = YES;
				"CODE_SIGN_IDENTITY[sdk=iphoneos*]" = "iPhone Developer";
				COPY_PHASE_STRIP = NO;
				DEBUG_INFORMATION_FORMAT = dwarf;
				ENABLE_STRICT_OBJC_MSGSEND = YES;
				ENABLE_TESTABILITY = YES;
				GCC_C_LANGUAGE_STANDARD = gnu99;
				GCC_DYNAMIC_NO_PIC = NO;
				GCC_NO_COMMON_BLOCKS = YES;
				GCC_OPTIMIZATION_LEVEL = 0;
				GCC_PREPROCESSOR_DEFINITIONS = (
					"DEBUG=1",
					"$(inherited)",
				);
				GCC_WARN_64_TO_32_BIT_CONVERSION = YES;
				GCC_WARN_ABOUT_RETURN_TYPE = YES_ERROR;
				GCC_WARN_UNDECLARED_SELECTOR = YES;
				GCC_WARN_UNINITIALIZED_AUTOS = YES_AGGRESSIVE;
				GCC_WARN_UNUSED_FUNCTION = YES;
				GCC_WARN_UNUSED_VARIABLE = YES;
				IPHONEOS_DEPLOYMENT_TARGET = 10.0;
				MTL_ENABLE_DEBUG_INFO = YES;
				ONLY_ACTIVE_ARCH = YES;
				SDKROOT = iphoneos;
				SWIFT_ACTIVE_COMPILATION_CONDITIONS = DEBUG;
				SWIFT_OPTIMIZATION_LEVEL = "-Onone";
			};
			name = Debug;
		};
		93131CCB1DB496FA00369CD4 /* Release */ = {
			isa = XCBuildConfiguration;
			buildSettings = {
				ALWAYS_SEARCH_USER_PATHS = NO;
				CLANG_ANALYZER_NONNULL = YES;
				CLANG_CXX_LANGUAGE_STANDARD = "gnu++0x";
				CLANG_CXX_LIBRARY = "libc++";
				CLANG_ENABLE_MODULES = YES;
				CLANG_ENABLE_OBJC_ARC = YES;
				CLANG_WARN_BOOL_CONVERSION = YES;
				CLANG_WARN_CONSTANT_CONVERSION = YES;
				CLANG_WARN_DIRECT_OBJC_ISA_USAGE = YES_ERROR;
				CLANG_WARN_DOCUMENTATION_COMMENTS = YES;
				CLANG_WARN_EMPTY_BODY = YES;
				CLANG_WARN_ENUM_CONVERSION = YES;
				CLANG_WARN_INFINITE_RECURSION = YES;
				CLANG_WARN_INT_CONVERSION = YES;
				CLANG_WARN_OBJC_ROOT_CLASS = YES_ERROR;
				CLANG_WARN_SUSPICIOUS_MOVE = YES;
				CLANG_WARN_SUSPICIOUS_MOVES = YES;
				CLANG_WARN_UNREACHABLE_CODE = YES;
				CLANG_WARN__DUPLICATE_METHOD_MATCH = YES;
				"CODE_SIGN_IDENTITY[sdk=iphoneos*]" = "iPhone Developer";
				COPY_PHASE_STRIP = NO;
				DEBUG_INFORMATION_FORMAT = "dwarf-with-dsym";
				ENABLE_NS_ASSERTIONS = NO;
				ENABLE_STRICT_OBJC_MSGSEND = YES;
				GCC_C_LANGUAGE_STANDARD = gnu99;
				GCC_NO_COMMON_BLOCKS = YES;
				GCC_WARN_64_TO_32_BIT_CONVERSION = YES;
				GCC_WARN_ABOUT_RETURN_TYPE = YES_ERROR;
				GCC_WARN_UNDECLARED_SELECTOR = YES;
				GCC_WARN_UNINITIALIZED_AUTOS = YES_AGGRESSIVE;
				GCC_WARN_UNUSED_FUNCTION = YES;
				GCC_WARN_UNUSED_VARIABLE = YES;
				IPHONEOS_DEPLOYMENT_TARGET = 10.0;
				MTL_ENABLE_DEBUG_INFO = NO;
				SDKROOT = iphoneos;
				SWIFT_OPTIMIZATION_LEVEL = "-Owholemodule";
				VALIDATE_PRODUCT = YES;
			};
			name = Release;
		};
		93131CCD1DB496FA00369CD4 /* Debug */ = {
			isa = XCBuildConfiguration;
			baseConfigurationReference = F46576796F9343A10D905CF6 /* Pods-Flicks.debug.xcconfig */;
			buildSettings = {
				ALWAYS_EMBED_SWIFT_STANDARD_LIBRARIES = YES;
				ASSETCATALOG_COMPILER_APPICON_NAME = AppIcon;
				DEVELOPMENT_TEAM = 2SHPQPJV29;
				INFOPLIST_FILE = Flicks/Info.plist;
				LD_RUNPATH_SEARCH_PATHS = "$(inherited) @executable_path/Frameworks";
				PRODUCT_BUNDLE_IDENTIFIER = com.codepath.Flicks;
				PRODUCT_NAME = "$(TARGET_NAME)";
				SWIFT_VERSION = 3.0;
			};
			name = Debug;
		};
		93131CCE1DB496FA00369CD4 /* Release */ = {
			isa = XCBuildConfiguration;
			baseConfigurationReference = 5476501CBEDE4EE831D9A230 /* Pods-Flicks.release.xcconfig */;
			buildSettings = {
				ALWAYS_EMBED_SWIFT_STANDARD_LIBRARIES = YES;
				ASSETCATALOG_COMPILER_APPICON_NAME = AppIcon;
				DEVELOPMENT_TEAM = 2SHPQPJV29;
				INFOPLIST_FILE = Flicks/Info.plist;
				LD_RUNPATH_SEARCH_PATHS = "$(inherited) @executable_path/Frameworks";
				PRODUCT_BUNDLE_IDENTIFIER = com.codepath.Flicks;
				PRODUCT_NAME = "$(TARGET_NAME)";
				SWIFT_VERSION = 3.0;
			};
			name = Release;
		};
/* End XCBuildConfiguration section */

/* Begin XCConfigurationList section */
		93131CB51DB496F900369CD4 /* Build configuration list for PBXProject "Flicks" */ = {
			isa = XCConfigurationList;
			buildConfigurations = (
				93131CCA1DB496FA00369CD4 /* Debug */,
				93131CCB1DB496FA00369CD4 /* Release */,
			);
			defaultConfigurationIsVisible = 0;
			defaultConfigurationName = Release;
		};
		93131CCC1DB496FA00369CD4 /* Build configuration list for PBXNativeTarget "Flicks" */ = {
			isa = XCConfigurationList;
			buildConfigurations = (
				93131CCD1DB496FA00369CD4 /* Debug */,
				93131CCE1DB496FA00369CD4 /* Release */,
			);
			defaultConfigurationIsVisible = 0;
			defaultConfigurationName = Release;
		};
/* End XCConfigurationList section */
	};
	rootObject = 93131CB21DB496F900369CD4 /* Project object */;
}
